{
  "lockfileVersion": 1,
  "workspaces": {
    "": {
      "name": "n8n-v0",
      "devDependencies": {
        "@types/node": "^22.15.3",
        "prettier": "^3.6.2",
        "turbo": "^2.5.6",
        "typescript": "5.9.2",
      },
    },
  },
  "packages": {
    "@types/node": [
      "@types/node@22.18.1",
      "",
      { "dependencies": { "undici-types": "~6.21.0" } },
      "sha512-rzSDyhn4cYznVG+PCzGe1lwuMYJrcBS1fc3JqSa2PvtABwWo+dZ1ij5OVok3tqfpEBCBoaR4d7upFJk73HRJDw==",
    ],

    "prettier": [
      "prettier@3.6.2",
      "",
      { "bin": { "prettier": "bin/prettier.cjs" } },
      "sha512-I7AIg5boAr5R0FFtJ6rCfD+LFsWHp81dolrFD8S79U9tb8Az2nGrJncnMSnys+bpQJfRUzqs9hnA81OAA3hCuQ==",
    ],

    "turbo": [
      "turbo@2.5.6",
      "",
      {
        "optionalDependencies": {
          "turbo-darwin-64": "2.5.6",
          "turbo-darwin-arm64": "2.5.6",
          "turbo-linux-64": "2.5.6",
          "turbo-linux-arm64": "2.5.6",
          "turbo-windows-64": "2.5.6",
          "turbo-windows-arm64": "2.5.6",
        },
        "bin": { "turbo": "bin/turbo" },
      },
      "sha512-gxToHmi9oTBNB05UjUsrWf0OyN5ZXtD0apOarC1KIx232Vp3WimRNy3810QzeNSgyD5rsaIDXlxlbnOzlouo+w==",
    ],

    "turbo-darwin-64": [
      "turbo-darwin-64@2.5.6",
      "",
      { "os": "darwin", "cpu": "x64" },
      "sha512-3C1xEdo4aFwMJAPvtlPqz1Sw/+cddWIOmsalHFMrsqqydcptwBfu26WW2cDm3u93bUzMbBJ8k3zNKFqxJ9ei2A==",
    ],

    "turbo-darwin-arm64": [
      "turbo-darwin-arm64@2.5.6",
      "",
      { "os": "darwin", "cpu": "arm64" },
      "sha512-LyiG+rD7JhMfYwLqB6k3LZQtYn8CQQUePbpA8mF/hMLPAekXdJo1g0bUPw8RZLwQXUIU/3BU7tXENvhSGz5DPA==",
    ],

    "turbo-linux-64": [
      "turbo-linux-64@2.5.6",
      "",
      { "os": "linux", "cpu": "x64" },
      "sha512-GOcUTT0xiT/pSnHL4YD6Yr3HreUhU8pUcGqcI2ksIF9b2/r/kRHwGFcsHgpG3+vtZF/kwsP0MV8FTlTObxsYIA==",
    ],

    "turbo-linux-arm64": [
      "turbo-linux-arm64@2.5.6",
      "",
      { "os": "linux", "cpu": "arm64" },
      "sha512-10Tm15bruJEA3m0V7iZcnQBpObGBcOgUcO+sY7/2vk1bweW34LMhkWi8svjV9iDF68+KJDThnYDlYE/bc7/zzQ==",
    ],

    "turbo-windows-64": [
      "turbo-windows-64@2.5.6",
      "",
      { "os": "win32", "cpu": "x64" },
      "sha512-FyRsVpgaj76It0ludwZsNN40ytHN+17E4PFJyeliBEbxrGTc5BexlXVpufB7XlAaoaZVxbS6KT8RofLfDRyEPg==",
    ],

    "turbo-windows-arm64": [
      "turbo-windows-arm64@2.5.6",
      "",
      { "os": "win32", "cpu": "arm64" },
      "sha512-j/tWu8cMeQ7HPpKri6jvKtyXg9K1gRyhdK4tKrrchH8GNHscPX/F71zax58yYtLRWTiK04zNzPcUJuoS0+v/+Q==",
    ],

    "typescript": [
      "typescript@5.9.2",
      "",
      { "bin": { "tsc": "bin/tsc", "tsserver": "bin/tsserver" } },
      "sha512-CWBzXQrc/qOkhidw1OzBTQuYRbfyxDXJMVJ1XNwUHGROVmuaeiEm3OslpZ1RV96d7SKKjZKrSJu3+t/xlw3R9A==",
    ],

    "undici-types": [
      "undici-types@6.21.0",
      "",
      {},
      "sha512-iwDZqg0QAGrg9Rav5H4n0M64c3mkR59cJ6wQp+7C4nI0gsmExaedaYLNO44eT4AtBBwjbTiGPMlt2Md0T9H9JQ==",
    ],
  },
}
